
Microsoft Visual Studio Solution File, Format Version 12.00
# Visual Studio 15
VisualStudioVersion = 15.0.28010.2036
MinimumVisualStudioVersion = 10.0.40219.1
Project("{FAE04EC0-301F-11D3-BF4B-00C04F79EFBC}") = "SounderTrainMap", "SounderTrainMap\SounderTrainMap.csproj", "{3B946770-5656-46DF-B48A-53CD37514599}"
EndProject
Global
	GlobalSection(SolutionConfigurationPlatforms) = preSolution
		Debug|Any CPU = Debug|Any CPU
		Release|Any CPU = Release|Any CPU
	EndGlobalSection
	GlobalSection(ProjectConfigurationPlatforms) = postSolution
		{3B946770-5656-46DF-B48A-53CD37514599}.Debug|Any CPU.ActiveCfg = Debug|Any CPU
		{3B946770-5656-46DF-B48A-53CD37514599}.Debug|Any CPU.Build.0 = Debug|Any CPU
		{3B946770-5656-46DF-B48A-53CD37514599}.Release|Any CPU.ActiveCfg = Release|Any CPU
		{3B946770-5656-46DF-B48A-53CD37514599}.Release|Any CPU.Build.0 = Release|Any CPU
	EndGlobalSection
	GlobalSection(SolutionProperties) = preSolution
		HideSolutionNode = FALSE
	EndGlobalSection
	GlobalSection(ExtensibilityGlobals) = postSolution
		SolutionGuid = {03C2F730-0ED9-4F1C-ADA8-F0394507664A}
	EndGlobalSection
EndGlobal
